
Microsoft Visual Studio Solution File, Format Version 12.00
# Visual Studio 15
Project("{FAE04EC0-301F-11D3-BF4B-00C04F79EFBC}") = "xam.native.droid", "..\xam.native.droid\xam.native.droid.csproj", "{B02107BA-A072-48DF-B4F6-3AD9B6C937D6}"
EndProject
Project("{FAE04EC0-301F-11D3-BF4B-00C04F79EFBC}") = "xam.native.core", "xam.native.core.csproj", "{3651BBEC-6539-4432-B655-65BAAA073910}"
EndProject
Project("{FAE04EC0-301F-11D3-BF4B-00C04F79EFBC}") = "xam.native.ios", "..\xam.native.ios\xam.native.ios.csproj", "{1A9952D1-03E6-4F7B-A3ED-8738ADC9AB74}"
EndProject
Global
	GlobalSection(SolutionConfigurationPlatforms) = preSolution
		Debug|iPhoneSimulator = Debug|iPhoneSimulator
		Release|iPhone = Release|iPhone
		Release|iPhoneSimulator = Release|iPhoneSimulator
		Debug|iPhone = Debug|iPhone
		Debug|Any CPU = Debug|Any CPU
		Release|Any CPU = Release|Any CPU
	EndGlobalSection
	GlobalSection(ProjectConfigurationPlatforms) = postSolution
		{B02107BA-A072-48DF-B4F6-3AD9B6C937D6}.Debug|iPhoneSimulator.ActiveCfg = Debug|Any CPU
		{B02107BA-A072-48DF-B4F6-3AD9B6C937D6}.Debug|iPhoneSimulator.Build.0 = Debug|Any CPU
		{B02107BA-A072-48DF-B4F6-3AD9B6C937D6}.Release|iPhone.ActiveCfg = Release|Any CPU
		{B02107BA-A072-48DF-B4F6-3AD9B6C937D6}.Release|iPhone.Build.0 = Release|Any CPU
		{B02107BA-A072-48DF-B4F6-3AD9B6C937D6}.Release|iPhoneSimulator.ActiveCfg = Release|Any CPU
		{B02107BA-A072-48DF-B4F6-3AD9B6C937D6}.Release|iPhoneSimulator.Build.0 = Release|Any CPU
		{B02107BA-A072-48DF-B4F6-3AD9B6C937D6}.Debug|iPhone.ActiveCfg = Debug|Any CPU
		{B02107BA-A072-48DF-B4F6-3AD9B6C937D6}.Debug|iPhone.Build.0 = Debug|Any CPU
		{B02107BA-A072-48DF-B4F6-3AD9B6C937D6}.Debug|Any CPU.ActiveCfg = Debug|Any CPU
		{B02107BA-A072-48DF-B4F6-3AD9B6C937D6}.Debug|Any CPU.Build.0 = Debug|Any CPU
		{B02107BA-A072-48DF-B4F6-3AD9B6C937D6}.Release|Any CPU.ActiveCfg = Release|Any CPU
		{B02107BA-A072-48DF-B4F6-3AD9B6C937D6}.Release|Any CPU.Build.0 = Release|Any CPU
		{3651BBEC-6539-4432-B655-65BAAA073910}.Debug|iPhoneSimulator.ActiveCfg = Debug|Any CPU
		{3651BBEC-6539-4432-B655-65BAAA073910}.Debug|iPhoneSimulator.Build.0 = Debug|Any CPU
		{3651BBEC-6539-4432-B655-65BAAA073910}.Release|iPhone.ActiveCfg = Release|Any CPU
		{3651BBEC-6539-4432-B655-65BAAA073910}.Release|iPhone.Build.0 = Release|Any CPU
		{3651BBEC-6539-4432-B655-65BAAA073910}.Release|iPhoneSimulator.ActiveCfg = Release|Any CPU
		{3651BBEC-6539-4432-B655-65BAAA073910}.Release|iPhoneSimulator.Build.0 = Release|Any CPU
		{3651BBEC-6539-4432-B655-65BAAA073910}.Debug|iPhone.ActiveCfg = Debug|Any CPU
		{3651BBEC-6539-4432-B655-65BAAA073910}.Debug|iPhone.Build.0 = Debug|Any CPU
		{3651BBEC-6539-4432-B655-65BAAA073910}.Debug|Any CPU.ActiveCfg = Debug|Any CPU
		{3651BBEC-6539-4432-B655-65BAAA073910}.Debug|Any CPU.Build.0 = Debug|Any CPU
		{3651BBEC-6539-4432-B655-65BAAA073910}.Release|Any CPU.ActiveCfg = Release|Any CPU
		{3651BBEC-6539-4432-B655-65BAAA073910}.Release|Any CPU.Build.0 = Release|Any CPU
		{1A9952D1-03E6-4F7B-A3ED-8738ADC9AB74}.Debug|iPhoneSimulator.ActiveCfg = Debug|iPhoneSimulator
		{1A9952D1-03E6-4F7B-A3ED-8738ADC9AB74}.Debug|iPhoneSimulator.Build.0 = Debug|iPhoneSimulator
		{1A9952D1-03E6-4F7B-A3ED-8738ADC9AB74}.Release|iPhone.ActiveCfg = Release|iPhone
		{1A9952D1-03E6-4F7B-A3ED-8738ADC9AB74}.Release|iPhone.Build.0 = Release|iPhone
		{1A9952D1-03E6-4F7B-A3ED-8738ADC9AB74}.Release|iPhoneSimulator.ActiveCfg = Release|iPhoneSimulator
		{1A9952D1-03E6-4F7B-A3ED-8738ADC9AB74}.Release|iPhoneSimulator.Build.0 = Release|iPhoneSimulator
		{1A9952D1-03E6-4F7B-A3ED-8738ADC9AB74}.Debug|iPhone.ActiveCfg = Debug|iPhone
		{1A9952D1-03E6-4F7B-A3ED-8738ADC9AB74}.Debug|iPhone.Build.0 = Debug|iPhone
		{1A9952D1-03E6-4F7B-A3ED-8738ADC9AB74}.Debug|Any CPU.ActiveCfg = Debug|iPhoneSimulator
		{1A9952D1-03E6-4F7B-A3ED-8738ADC9AB74}.Debug|Any CPU.Build.0 = Debug|iPhoneSimulator
		{1A9952D1-03E6-4F7B-A3ED-8738ADC9AB74}.Release|Any CPU.ActiveCfg = Release|iPhoneSimulator
		{1A9952D1-03E6-4F7B-A3ED-8738ADC9AB74}.Release|Any CPU.Build.0 = Release|iPhoneSimulator
	EndGlobalSection
EndGlobal
